
Microsoft Visual Studio Solution File, Format Version 12.00
# Visual Studio Version 17
VisualStudioVersion = 17.11.35303.130
MinimumVisualStudioVersion = 10.0.40219.1
Project("{FAE04EC0-301F-11D3-BF4B-00C04F79EFBC}") = "AllTaskRepo", "AllTaskRepo\AllTaskRepo.csproj", "{27FB1FC5-4032-4BBF-9C6A-DCAB2A7F9FE5}"
EndProject
Project("{2150E333-8FDC-42A3-9474-1A3956D46DE8}") = "Task 1", "Task 1", "{570AFCBF-05CC-4262-88BF-7F37B7C8CDFB}"
EndProject
Project("{FAE04EC0-301F-11D3-BF4B-00C04F79EFBC}") = "Task_1", "Task_1\Task_1.csproj", "{97AD0EE6-D1DD-4819-B71D-7EA4F689337B}"
EndProject
Project("{2150E333-8FDC-42A3-9474-1A3956D46DE8}") = "Task_2", "Task_2", "{BA100F26-F6E1-418A-967A-C0F217E62763}"
EndProject
Project("{FAE04EC0-301F-11D3-BF4B-00C04F79EFBC}") = "Task_2", "Task_2\Task_2.csproj", "{39CA22A6-A145-45DC-AC6E-580A3895BB28}"
EndProject
Project("{2150E333-8FDC-42A3-9474-1A3956D46DE8}") = "Task 5", "Task 5", "{4743E7E6-9F33-4441-900B-AA2E6335F12E}"
EndProject
Project("{FAE04EC0-301F-11D3-BF4B-00C04F79EFBC}") = "Task_5", "Task_5\Task_5.csproj", "{D15114E4-A628-4833-B6E3-1FDAA737AC46}"
EndProject
Project("{2150E333-8FDC-42A3-9474-1A3956D46DE8}") = "All Notes And EnterView Q & A", "All Notes And EnterView Q & A", "{6CABE9DE-63A1-4D15-8C64-CED8B07D960B}"
EndProject
Project("{2150E333-8FDC-42A3-9474-1A3956D46DE8}") = "Collection", "Collection", "{8F9A6241-89A3-4955-AEEE-983CE31EB31C}"
EndProject
Project("{FAE04EC0-301F-11D3-BF4B-00C04F79EFBC}") = "CollectionClasses", "CollectionClasses\CollectionClasses.csproj", "{8B3F5C04-632C-4DCD-98A5-152941063D44}"
EndProject
Project("{FAE04EC0-301F-11D3-BF4B-00C04F79EFBC}") = "ArrayList1", "ArrayList1\ArrayList1.csproj", "{1A125284-F5B6-45B6-AAC3-64B0AED57071}"
EndProject
Project("{FAE04EC0-301F-11D3-BF4B-00C04F79EFBC}") = "Hashtable", "Hashtable\Hashtable.csproj", "{A6D778B2-45BD-474A-9D7F-0EE50C0F0C6B}"
EndProject
Project("{FAE04EC0-301F-11D3-BF4B-00C04F79EFBC}") = "Sorted_List", "Sorted_List\Sorted_List.csproj", "{1E43E5B7-9ED8-4303-91B5-5FD3AC110394}"
EndProject
Project("{FAE04EC0-301F-11D3-BF4B-00C04F79EFBC}") = "Stack_", "Stack_\Stack_.csproj", "{A0EB6431-3B74-42EF-957F-ED4635317B8F}"
EndProject
Project("{FAE04EC0-301F-11D3-BF4B-00C04F79EFBC}") = "Queue_", "Queue_\Queue_.csproj", "{B8F2BB84-0917-403E-82F2-BF6FC33015C2}"
EndProject
Project("{2150E333-8FDC-42A3-9474-1A3956D46DE8}") = "Array", "Array", "{27030E3B-50F7-45B3-AAB7-223AB82AF6A5}"
EndProject
Global
	GlobalSection(SolutionConfigurationPlatforms) = preSolution
		Debug|Any CPU = Debug|Any CPU
		Release|Any CPU = Release|Any CPU
	EndGlobalSection
	GlobalSection(ProjectConfigurationPlatforms) = postSolution
		{27FB1FC5-4032-4BBF-9C6A-DCAB2A7F9FE5}.Debug|Any CPU.ActiveCfg = Debug|Any CPU
		{27FB1FC5-4032-4BBF-9C6A-DCAB2A7F9FE5}.Debug|Any CPU.Build.0 = Debug|Any CPU
		{27FB1FC5-4032-4BBF-9C6A-DCAB2A7F9FE5}.Release|Any CPU.ActiveCfg = Release|Any CPU
		{27FB1FC5-4032-4BBF-9C6A-DCAB2A7F9FE5}.Release|Any CPU.Build.0 = Release|Any CPU
		{97AD0EE6-D1DD-4819-B71D-7EA4F689337B}.Debug|Any CPU.ActiveCfg = Debug|Any CPU
		{97AD0EE6-D1DD-4819-B71D-7EA4F689337B}.Debug|Any CPU.Build.0 = Debug|Any CPU
		{97AD0EE6-D1DD-4819-B71D-7EA4F689337B}.Release|Any CPU.ActiveCfg = Release|Any CPU
		{97AD0EE6-D1DD-4819-B71D-7EA4F689337B}.Release|Any CPU.Build.0 = Release|Any CPU
		{39CA22A6-A145-45DC-AC6E-580A3895BB28}.Debug|Any CPU.ActiveCfg = Debug|Any CPU
		{39CA22A6-A145-45DC-AC6E-580A3895BB28}.Debug|Any CPU.Build.0 = Debug|Any CPU
		{39CA22A6-A145-45DC-AC6E-580A3895BB28}.Release|Any CPU.ActiveCfg = Release|Any CPU
		{39CA22A6-A145-45DC-AC6E-580A3895BB28}.Release|Any CPU.Build.0 = Release|Any CPU
		{D15114E4-A628-4833-B6E3-1FDAA737AC46}.Debug|Any CPU.ActiveCfg = Debug|Any CPU
		{D15114E4-A628-4833-B6E3-1FDAA737AC46}.Debug|Any CPU.Build.0 = Debug|Any CPU
		{D15114E4-A628-4833-B6E3-1FDAA737AC46}.Release|Any CPU.ActiveCfg = Release|Any CPU
		{D15114E4-A628-4833-B6E3-1FDAA737AC46}.Release|Any CPU.Build.0 = Release|Any CPU
		{8B3F5C04-632C-4DCD-98A5-152941063D44}.Debug|Any CPU.ActiveCfg = Debug|Any CPU
		{8B3F5C04-632C-4DCD-98A5-152941063D44}.Debug|Any CPU.Build.0 = Debug|Any CPU
		{8B3F5C04-632C-4DCD-98A5-152941063D44}.Release|Any CPU.ActiveCfg = Release|Any CPU
		{8B3F5C04-632C-4DCD-98A5-152941063D44}.Release|Any CPU.Build.0 = Release|Any CPU
		{1A125284-F5B6-45B6-AAC3-64B0AED57071}.Debug|Any CPU.ActiveCfg = Debug|Any CPU
		{1A125284-F5B6-45B6-AAC3-64B0AED57071}.Debug|Any CPU.Build.0 = Debug|Any CPU
		{1A125284-F5B6-45B6-AAC3-64B0AED57071}.Release|Any CPU.ActiveCfg = Release|Any CPU
		{1A125284-F5B6-45B6-AAC3-64B0AED57071}.Release|Any CPU.Build.0 = Release|Any CPU
		{A6D778B2-45BD-474A-9D7F-0EE50C0F0C6B}.Debug|Any CPU.ActiveCfg = Debug|Any CPU
		{A6D778B2-45BD-474A-9D7F-0EE50C0F0C6B}.Debug|Any CPU.Build.0 = Debug|Any CPU
		{A6D778B2-45BD-474A-9D7F-0EE50C0F0C6B}.Release|Any CPU.ActiveCfg = Release|Any CPU
		{A6D778B2-45BD-474A-9D7F-0EE50C0F0C6B}.Release|Any CPU.Build.0 = Release|Any CPU
		{1E43E5B7-9ED8-4303-91B5-5FD3AC110394}.Debug|Any CPU.ActiveCfg = Debug|Any CPU
		{1E43E5B7-9ED8-4303-91B5-5FD3AC110394}.Debug|Any CPU.Build.0 = Debug|Any CPU
		{1E43E5B7-9ED8-4303-91B5-5FD3AC110394}.Release|Any CPU.ActiveCfg = Release|Any CPU
		{1E43E5B7-9ED8-4303-91B5-5FD3AC110394}.Release|Any CPU.Build.0 = Release|Any CPU
		{A0EB6431-3B74-42EF-957F-ED4635317B8F}.Debug|Any CPU.ActiveCfg = Debug|Any CPU
		{A0EB6431-3B74-42EF-957F-ED4635317B8F}.Debug|Any CPU.Build.0 = Debug|Any CPU
		{A0EB6431-3B74-42EF-957F-ED4635317B8F}.Release|Any CPU.ActiveCfg = Release|Any CPU
		{A0EB6431-3B74-42EF-957F-ED4635317B8F}.Release|Any CPU.Build.0 = Release|Any CPU
		{B8F2BB84-0917-403E-82F2-BF6FC33015C2}.Debug|Any CPU.ActiveCfg = Debug|Any CPU
		{B8F2BB84-0917-403E-82F2-BF6FC33015C2}.Debug|Any CPU.Build.0 = Debug|Any CPU
		{B8F2BB84-0917-403E-82F2-BF6FC33015C2}.Release|Any CPU.ActiveCfg = Release|Any CPU
		{B8F2BB84-0917-403E-82F2-BF6FC33015C2}.Release|Any CPU.Build.0 = Release|Any CPU
	EndGlobalSection
	GlobalSection(SolutionProperties) = preSolution
		HideSolutionNode = FALSE
	EndGlobalSection
	GlobalSection(NestedProjects) = preSolution
		{97AD0EE6-D1DD-4819-B71D-7EA4F689337B} = {570AFCBF-05CC-4262-88BF-7F37B7C8CDFB}
		{39CA22A6-A145-45DC-AC6E-580A3895BB28} = {BA100F26-F6E1-418A-967A-C0F217E62763}
		{D15114E4-A628-4833-B6E3-1FDAA737AC46} = {4743E7E6-9F33-4441-900B-AA2E6335F12E}
		{8F9A6241-89A3-4955-AEEE-983CE31EB31C} = {6CABE9DE-63A1-4D15-8C64-CED8B07D960B}
		{8B3F5C04-632C-4DCD-98A5-152941063D44} = {8F9A6241-89A3-4955-AEEE-983CE31EB31C}
		{1A125284-F5B6-45B6-AAC3-64B0AED57071} = {8F9A6241-89A3-4955-AEEE-983CE31EB31C}
		{A6D778B2-45BD-474A-9D7F-0EE50C0F0C6B} = {8F9A6241-89A3-4955-AEEE-983CE31EB31C}
		{1E43E5B7-9ED8-4303-91B5-5FD3AC110394} = {8F9A6241-89A3-4955-AEEE-983CE31EB31C}
		{A0EB6431-3B74-42EF-957F-ED4635317B8F} = {8F9A6241-89A3-4955-AEEE-983CE31EB31C}
		{B8F2BB84-0917-403E-82F2-BF6FC33015C2} = {8F9A6241-89A3-4955-AEEE-983CE31EB31C}
		{27030E3B-50F7-45B3-AAB7-223AB82AF6A5} = {6CABE9DE-63A1-4D15-8C64-CED8B07D960B}
	EndGlobalSection
	GlobalSection(ExtensibilityGlobals) = postSolution
		SolutionGuid = {D6754B12-E24F-4808-AF0F-CA9FDD61F245}
	EndGlobalSection
EndGlobal
