
Microsoft Visual Studio Solution File, Format Version 12.00
# Visual Studio Version 17
VisualStudioVersion = 17.11.35303.130
MinimumVisualStudioVersion = 10.0.40219.1
Project("{FAE04EC0-301F-11D3-BF4B-00C04F79EFBC}") = "AllTaskRepo", "AllTaskRepo\AllTaskRepo.csproj", "{27FB1FC5-4032-4BBF-9C6A-DCAB2A7F9FE5}"
EndProject
Project("{2150E333-8FDC-42A3-9474-1A3956D46DE8}") = "Task 1", "Task 1", "{570AFCBF-05CC-4262-88BF-7F37B7C8CDFB}"
EndProject
Project("{FAE04EC0-301F-11D3-BF4B-00C04F79EFBC}") = "Task_1", "Task_1\Task_1.csproj", "{97AD0EE6-D1DD-4819-B71D-7EA4F689337B}"
EndProject
Project("{2150E333-8FDC-42A3-9474-1A3956D46DE8}") = "Task_2", "Task_2", "{BA100F26-F6E1-418A-967A-C0F217E62763}"
EndProject
Project("{FAE04EC0-301F-11D3-BF4B-00C04F79EFBC}") = "Task_2", "Task_2\Task_2.csproj", "{39CA22A6-A145-45DC-AC6E-580A3895BB28}"
EndProject
Project("{2150E333-8FDC-42A3-9474-1A3956D46DE8}") = "Task 5", "Task 5", "{4743E7E6-9F33-4441-900B-AA2E6335F12E}"
EndProject
Project("{FAE04EC0-301F-11D3-BF4B-00C04F79EFBC}") = "Task_5", "Task_5\Task_5.csproj", "{D15114E4-A628-4833-B6E3-1FDAA737AC46}"
EndProject
Project("{2150E333-8FDC-42A3-9474-1A3956D46DE8}") = "All Notes And EnterView Q & A", "All Notes And EnterView Q & A", "{6CABE9DE-63A1-4D15-8C64-CED8B07D960B}"
EndProject
Project("{2150E333-8FDC-42A3-9474-1A3956D46DE8}") = "Collection", "Collection", "{8F9A6241-89A3-4955-AEEE-983CE31EB31C}"
EndProject
Project("{FAE04EC0-301F-11D3-BF4B-00C04F79EFBC}") = "CollectionClasses", "CollectionClasses\CollectionClasses.csproj", "{8B3F5C04-632C-4DCD-98A5-152941063D44}"
EndProject
Project("{FAE04EC0-301F-11D3-BF4B-00C04F79EFBC}") = "ArrayList1", "ArrayList1\ArrayList1.csproj", "{1A125284-F5B6-45B6-AAC3-64B0AED57071}"
EndProject
Project("{FAE04EC0-301F-11D3-BF4B-00C04F79EFBC}") = "Hashtable", "Hashtable\Hashtable.csproj", "{A6D778B2-45BD-474A-9D7F-0EE50C0F0C6B}"
EndProject
Project("{FAE04EC0-301F-11D3-BF4B-00C04F79EFBC}") = "Sorted_List", "Sorted_List\Sorted_List.csproj", "{1E43E5B7-9ED8-4303-91B5-5FD3AC110394}"
EndProject
Project("{FAE04EC0-301F-11D3-BF4B-00C04F79EFBC}") = "Stack_", "Stack_\Stack_.csproj", "{A0EB6431-3B74-42EF-957F-ED4635317B8F}"
EndProject
Project("{FAE04EC0-301F-11D3-BF4B-00C04F79EFBC}") = "Queue_", "Queue_\Queue_.csproj", "{B8F2BB84-0917-403E-82F2-BF6FC33015C2}"
EndProject
Project("{2150E333-8FDC-42A3-9474-1A3956D46DE8}") = "Non-Generic", "Non-Generic", "{382B8CD5-7DF1-4E1D-BC8B-3D6B04562F0D}"
EndProject
Project("{2150E333-8FDC-42A3-9474-1A3956D46DE8}") = "Generic", "Generic", "{F7783434-A104-4347-9E64-8945DCE5C406}"
EndProject
Project("{FAE04EC0-301F-11D3-BF4B-00C04F79EFBC}") = "List_", "List_\List_.csproj", "{7AD3A756-2778-474A-80B8-C9A94F08E320}"
EndProject
Project("{FAE04EC0-301F-11D3-BF4B-00C04F79EFBC}") = "Dictionary_", "Dictionary_\Dictionary_.csproj", "{6A9D6026-46E2-4AAB-ADE6-2DBB6184335A}"
EndProject
Project("{FAE04EC0-301F-11D3-BF4B-00C04F79EFBC}") = "Sorted_List_Generic", "Sorted_List_Generic\Sorted_List_Generic.csproj", "{9F9F2E46-C976-4426-91F4-FB3BECB4A6C2}"
EndProject
Project("{FAE04EC0-301F-11D3-BF4B-00C04F79EFBC}") = "Stack_Generic", "Stack_Generic\Stack_Generic.csproj", "{69B3AC5E-0F38-4B34-A315-4D71DB838B6E}"
EndProject
Project("{FAE04EC0-301F-11D3-BF4B-00C04F79EFBC}") = "Queu_Generic", "Queu_Generic\Queu_Generic.csproj", "{35C2697D-4EFB-49A4-9039-2A78D6C75CDB}"
EndProject
Project("{FAE04EC0-301F-11D3-BF4B-00C04F79EFBC}") = "GenericClass", "GenericClass\GenericClass.csproj", "{8B846617-E80D-4F1A-9F2D-18EB74EB5696}"
EndProject
Project("{2150E333-8FDC-42A3-9474-1A3956D46DE8}") = "Task & Asscignment", "Task & Asscignment", "{A6C9DCB0-0ED6-46FE-AAD5-D26CBB549868}"
EndProject
Project("{2150E333-8FDC-42A3-9474-1A3956D46DE8}") = "Task Question", "Task Question", "{E1F6E3AC-F25A-49DD-A586-8CED549B5D77}"
EndProject
Project("{2150E333-8FDC-42A3-9474-1A3956D46DE8}") = "Oops", "Oops", "{409C53A7-59B6-46B0-83A5-169ABB2874EB}"
EndProject
Project("{FAE04EC0-301F-11D3-BF4B-00C04F79EFBC}") = "Abstract_Class", "Abstract_Class\Abstract_Class.csproj", "{5098E892-06B8-4323-90DA-3E1EC7DDE070}"
EndProject
Project("{FAE04EC0-301F-11D3-BF4B-00C04F79EFBC}") = "Notes_Opps", "Notes_Opps\Notes_Opps.csproj", "{1E24909E-711D-40E8-A9F1-53435C56A4E9}"
EndProject
Project("{FAE04EC0-301F-11D3-BF4B-00C04F79EFBC}") = "SingleInheritance", "SingleInheritance\SingleInheritance.csproj", "{510F2779-B103-403E-A583-CDC5F68AF10A}"
EndProject
Project("{FAE04EC0-301F-11D3-BF4B-00C04F79EFBC}") = "MultipleInheritance", "MultipleInheritance\MultipleInheritance.csproj", "{A0510C38-838E-4580-8FFB-AC1065C9C723}"
EndProject
Project("{FAE04EC0-301F-11D3-BF4B-00C04F79EFBC}") = "PolymorphismFunctionOverloading", "PolymorphismFunctionOverloading\PolymorphismFunctionOverloading.csproj", "{46A85611-3E63-41DF-BF05-E7C7F01CF2BA}"
EndProject
Project("{2150E333-8FDC-42A3-9474-1A3956D46DE8}") = "Asp.NetCore", "Asp.NetCore", "{43CD5806-C83B-40B2-8B6F-A72BCD600E82}"
EndProject
Project("{2150E333-8FDC-42A3-9474-1A3956D46DE8}") = "Middleware", "Middleware", "{B37AB001-203E-4784-953A-B483ABE5390A}"
EndProject
Project("{FAE04EC0-301F-11D3-BF4B-00C04F79EFBC}") = "MiddleWare", "MiddleWare\MiddleWare.csproj", "{2178BD0D-F4AC-47BF-9184-2A8D9A37BE15}"
EndProject
Project("{2150E333-8FDC-42A3-9474-1A3956D46DE8}") = "Routing", "Routing", "{51763143-3C65-4F79-A10F-3A505B194ABC}"
EndProject
Project("{FAE04EC0-301F-11D3-BF4B-00C04F79EFBC}") = "Routing", "Routing\Routing.csproj", "{5A92208E-5804-47CC-877D-35E47394F39E}"
EndProject
Global
	GlobalSection(SolutionConfigurationPlatforms) = preSolution
		Debug|Any CPU = Debug|Any CPU
		Release|Any CPU = Release|Any CPU
	EndGlobalSection
	GlobalSection(ProjectConfigurationPlatforms) = postSolution
		{27FB1FC5-4032-4BBF-9C6A-DCAB2A7F9FE5}.Debug|Any CPU.ActiveCfg = Debug|Any CPU
		{27FB1FC5-4032-4BBF-9C6A-DCAB2A7F9FE5}.Debug|Any CPU.Build.0 = Debug|Any CPU
		{27FB1FC5-4032-4BBF-9C6A-DCAB2A7F9FE5}.Release|Any CPU.ActiveCfg = Release|Any CPU
		{27FB1FC5-4032-4BBF-9C6A-DCAB2A7F9FE5}.Release|Any CPU.Build.0 = Release|Any CPU
		{97AD0EE6-D1DD-4819-B71D-7EA4F689337B}.Debug|Any CPU.ActiveCfg = Debug|Any CPU
		{97AD0EE6-D1DD-4819-B71D-7EA4F689337B}.Debug|Any CPU.Build.0 = Debug|Any CPU
		{97AD0EE6-D1DD-4819-B71D-7EA4F689337B}.Release|Any CPU.ActiveCfg = Release|Any CPU
		{97AD0EE6-D1DD-4819-B71D-7EA4F689337B}.Release|Any CPU.Build.0 = Release|Any CPU
		{39CA22A6-A145-45DC-AC6E-580A3895BB28}.Debug|Any CPU.ActiveCfg = Debug|Any CPU
		{39CA22A6-A145-45DC-AC6E-580A3895BB28}.Debug|Any CPU.Build.0 = Debug|Any CPU
		{39CA22A6-A145-45DC-AC6E-580A3895BB28}.Release|Any CPU.ActiveCfg = Release|Any CPU
		{39CA22A6-A145-45DC-AC6E-580A3895BB28}.Release|Any CPU.Build.0 = Release|Any CPU
		{D15114E4-A628-4833-B6E3-1FDAA737AC46}.Debug|Any CPU.ActiveCfg = Debug|Any CPU
		{D15114E4-A628-4833-B6E3-1FDAA737AC46}.Debug|Any CPU.Build.0 = Debug|Any CPU
		{D15114E4-A628-4833-B6E3-1FDAA737AC46}.Release|Any CPU.ActiveCfg = Release|Any CPU
		{D15114E4-A628-4833-B6E3-1FDAA737AC46}.Release|Any CPU.Build.0 = Release|Any CPU
		{8B3F5C04-632C-4DCD-98A5-152941063D44}.Debug|Any CPU.ActiveCfg = Debug|Any CPU
		{8B3F5C04-632C-4DCD-98A5-152941063D44}.Debug|Any CPU.Build.0 = Debug|Any CPU
		{8B3F5C04-632C-4DCD-98A5-152941063D44}.Release|Any CPU.ActiveCfg = Release|Any CPU
		{8B3F5C04-632C-4DCD-98A5-152941063D44}.Release|Any CPU.Build.0 = Release|Any CPU
		{1A125284-F5B6-45B6-AAC3-64B0AED57071}.Debug|Any CPU.ActiveCfg = Debug|Any CPU
		{1A125284-F5B6-45B6-AAC3-64B0AED57071}.Debug|Any CPU.Build.0 = Debug|Any CPU
		{1A125284-F5B6-45B6-AAC3-64B0AED57071}.Release|Any CPU.ActiveCfg = Release|Any CPU
		{1A125284-F5B6-45B6-AAC3-64B0AED57071}.Release|Any CPU.Build.0 = Release|Any CPU
		{A6D778B2-45BD-474A-9D7F-0EE50C0F0C6B}.Debug|Any CPU.ActiveCfg = Debug|Any CPU
		{A6D778B2-45BD-474A-9D7F-0EE50C0F0C6B}.Debug|Any CPU.Build.0 = Debug|Any CPU
		{A6D778B2-45BD-474A-9D7F-0EE50C0F0C6B}.Release|Any CPU.ActiveCfg = Release|Any CPU
		{A6D778B2-45BD-474A-9D7F-0EE50C0F0C6B}.Release|Any CPU.Build.0 = Release|Any CPU
		{1E43E5B7-9ED8-4303-91B5-5FD3AC110394}.Debug|Any CPU.ActiveCfg = Debug|Any CPU
		{1E43E5B7-9ED8-4303-91B5-5FD3AC110394}.Debug|Any CPU.Build.0 = Debug|Any CPU
		{1E43E5B7-9ED8-4303-91B5-5FD3AC110394}.Release|Any CPU.ActiveCfg = Release|Any CPU
		{1E43E5B7-9ED8-4303-91B5-5FD3AC110394}.Release|Any CPU.Build.0 = Release|Any CPU
		{A0EB6431-3B74-42EF-957F-ED4635317B8F}.Debug|Any CPU.ActiveCfg = Debug|Any CPU
		{A0EB6431-3B74-42EF-957F-ED4635317B8F}.Debug|Any CPU.Build.0 = Debug|Any CPU
		{A0EB6431-3B74-42EF-957F-ED4635317B8F}.Release|Any CPU.ActiveCfg = Release|Any CPU
		{A0EB6431-3B74-42EF-957F-ED4635317B8F}.Release|Any CPU.Build.0 = Release|Any CPU
		{B8F2BB84-0917-403E-82F2-BF6FC33015C2}.Debug|Any CPU.ActiveCfg = Debug|Any CPU
		{B8F2BB84-0917-403E-82F2-BF6FC33015C2}.Debug|Any CPU.Build.0 = Debug|Any CPU
		{B8F2BB84-0917-403E-82F2-BF6FC33015C2}.Release|Any CPU.ActiveCfg = Release|Any CPU
		{B8F2BB84-0917-403E-82F2-BF6FC33015C2}.Release|Any CPU.Build.0 = Release|Any CPU
		{7AD3A756-2778-474A-80B8-C9A94F08E320}.Debug|Any CPU.ActiveCfg = Debug|Any CPU
		{7AD3A756-2778-474A-80B8-C9A94F08E320}.Debug|Any CPU.Build.0 = Debug|Any CPU
		{7AD3A756-2778-474A-80B8-C9A94F08E320}.Release|Any CPU.ActiveCfg = Release|Any CPU
		{7AD3A756-2778-474A-80B8-C9A94F08E320}.Release|Any CPU.Build.0 = Release|Any CPU
		{6A9D6026-46E2-4AAB-ADE6-2DBB6184335A}.Debug|Any CPU.ActiveCfg = Debug|Any CPU
		{6A9D6026-46E2-4AAB-ADE6-2DBB6184335A}.Debug|Any CPU.Build.0 = Debug|Any CPU
		{6A9D6026-46E2-4AAB-ADE6-2DBB6184335A}.Release|Any CPU.ActiveCfg = Release|Any CPU
		{6A9D6026-46E2-4AAB-ADE6-2DBB6184335A}.Release|Any CPU.Build.0 = Release|Any CPU
		{9F9F2E46-C976-4426-91F4-FB3BECB4A6C2}.Debug|Any CPU.ActiveCfg = Debug|Any CPU
		{9F9F2E46-C976-4426-91F4-FB3BECB4A6C2}.Debug|Any CPU.Build.0 = Debug|Any CPU
		{9F9F2E46-C976-4426-91F4-FB3BECB4A6C2}.Release|Any CPU.ActiveCfg = Release|Any CPU
		{9F9F2E46-C976-4426-91F4-FB3BECB4A6C2}.Release|Any CPU.Build.0 = Release|Any CPU
		{69B3AC5E-0F38-4B34-A315-4D71DB838B6E}.Debug|Any CPU.ActiveCfg = Debug|Any CPU
		{69B3AC5E-0F38-4B34-A315-4D71DB838B6E}.Debug|Any CPU.Build.0 = Debug|Any CPU
		{69B3AC5E-0F38-4B34-A315-4D71DB838B6E}.Release|Any CPU.ActiveCfg = Release|Any CPU
		{69B3AC5E-0F38-4B34-A315-4D71DB838B6E}.Release|Any CPU.Build.0 = Release|Any CPU
		{35C2697D-4EFB-49A4-9039-2A78D6C75CDB}.Debug|Any CPU.ActiveCfg = Debug|Any CPU
		{35C2697D-4EFB-49A4-9039-2A78D6C75CDB}.Debug|Any CPU.Build.0 = Debug|Any CPU
		{35C2697D-4EFB-49A4-9039-2A78D6C75CDB}.Release|Any CPU.ActiveCfg = Release|Any CPU
		{35C2697D-4EFB-49A4-9039-2A78D6C75CDB}.Release|Any CPU.Build.0 = Release|Any CPU
		{8B846617-E80D-4F1A-9F2D-18EB74EB5696}.Debug|Any CPU.ActiveCfg = Debug|Any CPU
		{8B846617-E80D-4F1A-9F2D-18EB74EB5696}.Debug|Any CPU.Build.0 = Debug|Any CPU
		{8B846617-E80D-4F1A-9F2D-18EB74EB5696}.Release|Any CPU.ActiveCfg = Release|Any CPU
		{8B846617-E80D-4F1A-9F2D-18EB74EB5696}.Release|Any CPU.Build.0 = Release|Any CPU
		{5098E892-06B8-4323-90DA-3E1EC7DDE070}.Debug|Any CPU.ActiveCfg = Debug|Any CPU
		{5098E892-06B8-4323-90DA-3E1EC7DDE070}.Debug|Any CPU.Build.0 = Debug|Any CPU
		{5098E892-06B8-4323-90DA-3E1EC7DDE070}.Release|Any CPU.ActiveCfg = Release|Any CPU
		{5098E892-06B8-4323-90DA-3E1EC7DDE070}.Release|Any CPU.Build.0 = Release|Any CPU
		{1E24909E-711D-40E8-A9F1-53435C56A4E9}.Debug|Any CPU.ActiveCfg = Debug|Any CPU
		{1E24909E-711D-40E8-A9F1-53435C56A4E9}.Debug|Any CPU.Build.0 = Debug|Any CPU
		{1E24909E-711D-40E8-A9F1-53435C56A4E9}.Release|Any CPU.ActiveCfg = Release|Any CPU
		{1E24909E-711D-40E8-A9F1-53435C56A4E9}.Release|Any CPU.Build.0 = Release|Any CPU
		{510F2779-B103-403E-A583-CDC5F68AF10A}.Debug|Any CPU.ActiveCfg = Debug|Any CPU
		{510F2779-B103-403E-A583-CDC5F68AF10A}.Debug|Any CPU.Build.0 = Debug|Any CPU
		{510F2779-B103-403E-A583-CDC5F68AF10A}.Release|Any CPU.ActiveCfg = Release|Any CPU
		{510F2779-B103-403E-A583-CDC5F68AF10A}.Release|Any CPU.Build.0 = Release|Any CPU
		{A0510C38-838E-4580-8FFB-AC1065C9C723}.Debug|Any CPU.ActiveCfg = Debug|Any CPU
		{A0510C38-838E-4580-8FFB-AC1065C9C723}.Debug|Any CPU.Build.0 = Debug|Any CPU
		{A0510C38-838E-4580-8FFB-AC1065C9C723}.Release|Any CPU.ActiveCfg = Release|Any CPU
		{A0510C38-838E-4580-8FFB-AC1065C9C723}.Release|Any CPU.Build.0 = Release|Any CPU
		{46A85611-3E63-41DF-BF05-E7C7F01CF2BA}.Debug|Any CPU.ActiveCfg = Debug|Any CPU
		{46A85611-3E63-41DF-BF05-E7C7F01CF2BA}.Debug|Any CPU.Build.0 = Debug|Any CPU
		{46A85611-3E63-41DF-BF05-E7C7F01CF2BA}.Release|Any CPU.ActiveCfg = Release|Any CPU
		{46A85611-3E63-41DF-BF05-E7C7F01CF2BA}.Release|Any CPU.Build.0 = Release|Any CPU
		{2178BD0D-F4AC-47BF-9184-2A8D9A37BE15}.Debug|Any CPU.ActiveCfg = Debug|Any CPU
		{2178BD0D-F4AC-47BF-9184-2A8D9A37BE15}.Debug|Any CPU.Build.0 = Debug|Any CPU
		{2178BD0D-F4AC-47BF-9184-2A8D9A37BE15}.Release|Any CPU.ActiveCfg = Release|Any CPU
		{2178BD0D-F4AC-47BF-9184-2A8D9A37BE15}.Release|Any CPU.Build.0 = Release|Any CPU
		{5A92208E-5804-47CC-877D-35E47394F39E}.Debug|Any CPU.ActiveCfg = Debug|Any CPU
		{5A92208E-5804-47CC-877D-35E47394F39E}.Debug|Any CPU.Build.0 = Debug|Any CPU
		{5A92208E-5804-47CC-877D-35E47394F39E}.Release|Any CPU.ActiveCfg = Release|Any CPU
		{5A92208E-5804-47CC-877D-35E47394F39E}.Release|Any CPU.Build.0 = Release|Any CPU
	EndGlobalSection
	GlobalSection(SolutionProperties) = preSolution
		HideSolutionNode = FALSE
	EndGlobalSection
	GlobalSection(NestedProjects) = preSolution
		{570AFCBF-05CC-4262-88BF-7F37B7C8CDFB} = {A6C9DCB0-0ED6-46FE-AAD5-D26CBB549868}
		{97AD0EE6-D1DD-4819-B71D-7EA4F689337B} = {570AFCBF-05CC-4262-88BF-7F37B7C8CDFB}
		{BA100F26-F6E1-418A-967A-C0F217E62763} = {A6C9DCB0-0ED6-46FE-AAD5-D26CBB549868}
		{39CA22A6-A145-45DC-AC6E-580A3895BB28} = {BA100F26-F6E1-418A-967A-C0F217E62763}
		{4743E7E6-9F33-4441-900B-AA2E6335F12E} = {A6C9DCB0-0ED6-46FE-AAD5-D26CBB549868}
		{D15114E4-A628-4833-B6E3-1FDAA737AC46} = {4743E7E6-9F33-4441-900B-AA2E6335F12E}
		{8F9A6241-89A3-4955-AEEE-983CE31EB31C} = {6CABE9DE-63A1-4D15-8C64-CED8B07D960B}
		{8B3F5C04-632C-4DCD-98A5-152941063D44} = {8F9A6241-89A3-4955-AEEE-983CE31EB31C}
		{1A125284-F5B6-45B6-AAC3-64B0AED57071} = {382B8CD5-7DF1-4E1D-BC8B-3D6B04562F0D}
		{A6D778B2-45BD-474A-9D7F-0EE50C0F0C6B} = {382B8CD5-7DF1-4E1D-BC8B-3D6B04562F0D}
		{1E43E5B7-9ED8-4303-91B5-5FD3AC110394} = {382B8CD5-7DF1-4E1D-BC8B-3D6B04562F0D}
		{A0EB6431-3B74-42EF-957F-ED4635317B8F} = {382B8CD5-7DF1-4E1D-BC8B-3D6B04562F0D}
		{B8F2BB84-0917-403E-82F2-BF6FC33015C2} = {382B8CD5-7DF1-4E1D-BC8B-3D6B04562F0D}
		{382B8CD5-7DF1-4E1D-BC8B-3D6B04562F0D} = {8F9A6241-89A3-4955-AEEE-983CE31EB31C}
		{F7783434-A104-4347-9E64-8945DCE5C406} = {8F9A6241-89A3-4955-AEEE-983CE31EB31C}
		{7AD3A756-2778-474A-80B8-C9A94F08E320} = {F7783434-A104-4347-9E64-8945DCE5C406}
		{6A9D6026-46E2-4AAB-ADE6-2DBB6184335A} = {F7783434-A104-4347-9E64-8945DCE5C406}
		{9F9F2E46-C976-4426-91F4-FB3BECB4A6C2} = {F7783434-A104-4347-9E64-8945DCE5C406}
		{69B3AC5E-0F38-4B34-A315-4D71DB838B6E} = {F7783434-A104-4347-9E64-8945DCE5C406}
		{35C2697D-4EFB-49A4-9039-2A78D6C75CDB} = {F7783434-A104-4347-9E64-8945DCE5C406}
		{8B846617-E80D-4F1A-9F2D-18EB74EB5696} = {F7783434-A104-4347-9E64-8945DCE5C406}
		{A6C9DCB0-0ED6-46FE-AAD5-D26CBB549868} = {6CABE9DE-63A1-4D15-8C64-CED8B07D960B}
		{E1F6E3AC-F25A-49DD-A586-8CED549B5D77} = {A6C9DCB0-0ED6-46FE-AAD5-D26CBB549868}
		{409C53A7-59B6-46B0-83A5-169ABB2874EB} = {6CABE9DE-63A1-4D15-8C64-CED8B07D960B}
		{5098E892-06B8-4323-90DA-3E1EC7DDE070} = {409C53A7-59B6-46B0-83A5-169ABB2874EB}
		{1E24909E-711D-40E8-A9F1-53435C56A4E9} = {409C53A7-59B6-46B0-83A5-169ABB2874EB}
		{510F2779-B103-403E-A583-CDC5F68AF10A} = {409C53A7-59B6-46B0-83A5-169ABB2874EB}
		{A0510C38-838E-4580-8FFB-AC1065C9C723} = {409C53A7-59B6-46B0-83A5-169ABB2874EB}
		{46A85611-3E63-41DF-BF05-E7C7F01CF2BA} = {409C53A7-59B6-46B0-83A5-169ABB2874EB}
		{B37AB001-203E-4784-953A-B483ABE5390A} = {43CD5806-C83B-40B2-8B6F-A72BCD600E82}
		{2178BD0D-F4AC-47BF-9184-2A8D9A37BE15} = {B37AB001-203E-4784-953A-B483ABE5390A}
		{51763143-3C65-4F79-A10F-3A505B194ABC} = {43CD5806-C83B-40B2-8B6F-A72BCD600E82}
		{5A92208E-5804-47CC-877D-35E47394F39E} = {51763143-3C65-4F79-A10F-3A505B194ABC}
	EndGlobalSection
	GlobalSection(ExtensibilityGlobals) = postSolution
		SolutionGuid = {D6754B12-E24F-4808-AF0F-CA9FDD61F245}
	EndGlobalSection
EndGlobal
